
Microsoft Visual Studio Solution File, Format Version 12.00
# Visual Studio Version 17
VisualStudioVersion = 17.3.32929.385
MinimumVisualStudioVersion = 10.0.40219.1
Project("{FAE04EC0-301F-11D3-BF4B-00C04F79EFBC}") = "AzerSelling", "AzerSelling\AzerSelling.csproj", "{B9B1C749-9982-4606-9F78-297FE6A1838C}"
EndProject
Global
	GlobalSection(SolutionConfigurationPlatforms) = preSolution
		Debug|Any CPU = Debug|Any CPU
		Release|Any CPU = Release|Any CPU
	EndGlobalSection
	GlobalSection(ProjectConfigurationPlatforms) = postSolution
		{B9B1C749-9982-4606-9F78-297FE6A1838C}.Debug|Any CPU.ActiveCfg = Debug|Any CPU
		{B9B1C749-9982-4606-9F78-297FE6A1838C}.Debug|Any CPU.Build.0 = Debug|Any CPU
		{B9B1C749-9982-4606-9F78-297FE6A1838C}.Release|Any CPU.ActiveCfg = Release|Any CPU
		{B9B1C749-9982-4606-9F78-297FE6A1838C}.Release|Any CPU.Build.0 = Release|Any CPU
	EndGlobalSection
	GlobalSection(SolutionProperties) = preSolution
		HideSolutionNode = FALSE
	EndGlobalSection
	GlobalSection(ExtensibilityGlobals) = postSolution
		SolutionGuid = {244259AC-5885-455E-A187-2F269BB00492}
	EndGlobalSection
EndGlobal
